
Microsoft Visual Studio Solution File, Format Version 12.00
# Visual Studio Version 17
VisualStudioVersion = 17.4.33213.308
MinimumVisualStudioVersion = 10.0.40219.1
Project("{FAE04EC0-301F-11D3-BF4B-00C04F79EFBC}") = "TodoListApp", "TodoListApp\TodoListApp.csproj", "{107A5710-44E7-4D8E-89C9-76834CB9C261}"
EndProject
Project("{FAE04EC0-301F-11D3-BF4B-00C04F79EFBC}") = "TodoListAppTests", "TodoListAppTests\TodoListAppTests.csproj", "{C023C382-9324-4113-B67F-8E038E66D2FA}"
EndProject
Global
	GlobalSection(SolutionConfigurationPlatforms) = preSolution
		Debug|Any CPU = Debug|Any CPU
		Release|Any CPU = Release|Any CPU
	EndGlobalSection
	GlobalSection(ProjectConfigurationPlatforms) = postSolution
		{107A5710-44E7-4D8E-89C9-76834CB9C261}.Debug|Any CPU.ActiveCfg = Debug|Any CPU
		{107A5710-44E7-4D8E-89C9-76834CB9C261}.Debug|Any CPU.Build.0 = Debug|Any CPU
		{107A5710-44E7-4D8E-89C9-76834CB9C261}.Release|Any CPU.ActiveCfg = Release|Any CPU
		{107A5710-44E7-4D8E-89C9-76834CB9C261}.Release|Any CPU.Build.0 = Release|Any CPU
		{C023C382-9324-4113-B67F-8E038E66D2FA}.Debug|Any CPU.ActiveCfg = Debug|Any CPU
		{C023C382-9324-4113-B67F-8E038E66D2FA}.Debug|Any CPU.Build.0 = Debug|Any CPU
		{C023C382-9324-4113-B67F-8E038E66D2FA}.Release|Any CPU.ActiveCfg = Release|Any CPU
		{C023C382-9324-4113-B67F-8E038E66D2FA}.Release|Any CPU.Build.0 = Release|Any CPU
	EndGlobalSection
	GlobalSection(SolutionProperties) = preSolution
		HideSolutionNode = FALSE
	EndGlobalSection
	GlobalSection(ExtensibilityGlobals) = postSolution
		SolutionGuid = {47DBDB2D-0C6D-40AB-BB7C-8B458EF012E8}
	EndGlobalSection
EndGlobal
